
Microsoft Visual Studio Solution File, Format Version 12.00
# Visual Studio 2013
VisualStudioVersion = 12.0.21005.1
MinimumVisualStudioVersion = 10.0.40219.1
Project("{8BC9CEB8-8B4A-11D0-8D11-00A0C91BC942}") = "plant_fight_zombie", "plant_fight_zombie\plant_fight_zombie.vcxproj", "{BC30710F-931E-43AE-A089-FF11FDF7DFD1}"
EndProject
Global
	GlobalSection(SolutionConfigurationPlatforms) = preSolution
		Debug|Win32 = Debug|Win32
		Release|Win32 = Release|Win32
	EndGlobalSection
	GlobalSection(ProjectConfigurationPlatforms) = postSolution
		{BC30710F-931E-43AE-A089-FF11FDF7DFD1}.Debug|Win32.ActiveCfg = Debug|Win32
		{BC30710F-931E-43AE-A089-FF11FDF7DFD1}.Debug|Win32.Build.0 = Debug|Win32
		{BC30710F-931E-43AE-A089-FF11FDF7DFD1}.Release|Win32.ActiveCfg = Release|Win32
		{BC30710F-931E-43AE-A089-FF11FDF7DFD1}.Release|Win32.Build.0 = Release|Win32
	EndGlobalSection
	GlobalSection(SolutionProperties) = preSolution
		HideSolutionNode = FALSE
	EndGlobalSection
EndGlobal
